
Microsoft Visual Studio Solution File, Format Version 12.00
# Visual Studio Version 17
VisualStudioVersion = 17.2.32526.322
MinimumVisualStudioVersion = 10.0.40219.1
Project("{9A19103F-16F7-4668-BE54-9A1E7A4F7556}") = "PlatformaEducationala.Api", "PlatformaEducationala\PlatformaEducationala.Api.csproj", "{53BEC8E3-41F0-4018-9AD7-3D7E4E2D0B6E}"
EndProject
Project("{9A19103F-16F7-4668-BE54-9A1E7A4F7556}") = "PlatformaEducationala.Core", "PlatformaEducationalaCore\PlatformaEducationala.Core.csproj", "{65DEC12D-BFE3-4B6E-9AA0-86C2DB4D05AD}"
EndProject
Project("{FAE04EC0-301F-11D3-BF4B-00C04F79EFBC}") = "PlatformaEducationala.Infrastructure", "PlatformaEducationala.Infrastructure\PlatformaEducationala.Infrastructure.csproj", "{4852F54E-7663-45D9-ADC8-9A362818B487}"
EndProject
Project("{FAE04EC0-301F-11D3-BF4B-00C04F79EFBC}") = "PlatformaEducationala.Data", "PlatformaEducationala.Data\PlatformaEducationala.Data.csproj", "{7DBAA16B-8A07-4374-8BB5-8F299EB2D97C}"
EndProject
Global
	GlobalSection(SolutionConfigurationPlatforms) = preSolution
		Debug|Any CPU = Debug|Any CPU
		Release|Any CPU = Release|Any CPU
	EndGlobalSection
	GlobalSection(ProjectConfigurationPlatforms) = postSolution
		{53BEC8E3-41F0-4018-9AD7-3D7E4E2D0B6E}.Debug|Any CPU.ActiveCfg = Debug|Any CPU
		{53BEC8E3-41F0-4018-9AD7-3D7E4E2D0B6E}.Debug|Any CPU.Build.0 = Debug|Any CPU
		{53BEC8E3-41F0-4018-9AD7-3D7E4E2D0B6E}.Release|Any CPU.ActiveCfg = Release|Any CPU
		{53BEC8E3-41F0-4018-9AD7-3D7E4E2D0B6E}.Release|Any CPU.Build.0 = Release|Any CPU
		{65DEC12D-BFE3-4B6E-9AA0-86C2DB4D05AD}.Debug|Any CPU.ActiveCfg = Debug|Any CPU
		{65DEC12D-BFE3-4B6E-9AA0-86C2DB4D05AD}.Debug|Any CPU.Build.0 = Debug|Any CPU
		{65DEC12D-BFE3-4B6E-9AA0-86C2DB4D05AD}.Release|Any CPU.ActiveCfg = Release|Any CPU
		{65DEC12D-BFE3-4B6E-9AA0-86C2DB4D05AD}.Release|Any CPU.Build.0 = Release|Any CPU
		{4852F54E-7663-45D9-ADC8-9A362818B487}.Debug|Any CPU.ActiveCfg = Debug|Any CPU
		{4852F54E-7663-45D9-ADC8-9A362818B487}.Debug|Any CPU.Build.0 = Debug|Any CPU
		{4852F54E-7663-45D9-ADC8-9A362818B487}.Release|Any CPU.ActiveCfg = Release|Any CPU
		{4852F54E-7663-45D9-ADC8-9A362818B487}.Release|Any CPU.Build.0 = Release|Any CPU
		{7DBAA16B-8A07-4374-8BB5-8F299EB2D97C}.Debug|Any CPU.ActiveCfg = Debug|Any CPU
		{7DBAA16B-8A07-4374-8BB5-8F299EB2D97C}.Debug|Any CPU.Build.0 = Debug|Any CPU
		{7DBAA16B-8A07-4374-8BB5-8F299EB2D97C}.Release|Any CPU.ActiveCfg = Release|Any CPU
		{7DBAA16B-8A07-4374-8BB5-8F299EB2D97C}.Release|Any CPU.Build.0 = Release|Any CPU
	EndGlobalSection
	GlobalSection(SolutionProperties) = preSolution
		HideSolutionNode = FALSE
	EndGlobalSection
	GlobalSection(ExtensibilityGlobals) = postSolution
		SolutionGuid = {AE7A5C89-4118-41FB-BC8B-1BDE795197FD}
	EndGlobalSection
EndGlobal
